
Microsoft Visual Studio Solution File, Format Version 12.00
# Visual Studio 15
Project("{FAE04EC0-301F-11D3-BF4B-00C04F79EFBC}") = "Assembly-CSharp", "Assembly-CSharp.csproj", "{CE3D6074-5C14-6455-E5D1-7FFD90AB4E8F}"
EndProject
Project("{FAE04EC0-301F-11D3-BF4B-00C04F79EFBC}") = "Assembly-CSharp-firstpass", "Assembly-CSharp-firstpass.csproj", "{A5BDF5DA-A645-82E2-1233-AD490B3A60F8}"
EndProject
Project("{FAE04EC0-301F-11D3-BF4B-00C04F79EFBC}") = "Assembly-CSharp-Editor", "Assembly-CSharp-Editor.csproj", "{F05B718F-BED4-03B5-CD70-96331690B46B}"
EndProject
Global
	GlobalSection(SolutionConfigurationPlatforms) = preSolution
		Debug|Any CPU = Debug|Any CPU
		Release|Any CPU = Release|Any CPU
	EndGlobalSection
	GlobalSection(ProjectConfigurationPlatforms) = postSolution
		{CE3D6074-5C14-6455-E5D1-7FFD90AB4E8F}.Debug|Any CPU.ActiveCfg = Debug|Any CPU
		{CE3D6074-5C14-6455-E5D1-7FFD90AB4E8F}.Debug|Any CPU.Build.0 = Debug|Any CPU
		{CE3D6074-5C14-6455-E5D1-7FFD90AB4E8F}.Release|Any CPU.ActiveCfg = Release|Any CPU
		{CE3D6074-5C14-6455-E5D1-7FFD90AB4E8F}.Release|Any CPU.Build.0 = Release|Any CPU
		{A5BDF5DA-A645-82E2-1233-AD490B3A60F8}.Debug|Any CPU.ActiveCfg = Debug|Any CPU
		{A5BDF5DA-A645-82E2-1233-AD490B3A60F8}.Debug|Any CPU.Build.0 = Debug|Any CPU
		{A5BDF5DA-A645-82E2-1233-AD490B3A60F8}.Release|Any CPU.ActiveCfg = Release|Any CPU
		{A5BDF5DA-A645-82E2-1233-AD490B3A60F8}.Release|Any CPU.Build.0 = Release|Any CPU
		{F05B718F-BED4-03B5-CD70-96331690B46B}.Debug|Any CPU.ActiveCfg = Debug|Any CPU
		{F05B718F-BED4-03B5-CD70-96331690B46B}.Debug|Any CPU.Build.0 = Debug|Any CPU
		{F05B718F-BED4-03B5-CD70-96331690B46B}.Release|Any CPU.ActiveCfg = Release|Any CPU
		{F05B718F-BED4-03B5-CD70-96331690B46B}.Release|Any CPU.Build.0 = Release|Any CPU
	EndGlobalSection
	GlobalSection(SolutionProperties) = preSolution
		HideSolutionNode = FALSE
	EndGlobalSection
EndGlobal
